// !$*UTF8*$!
{
	archiveVersion = 1;
	classes = {
	};
	objectVersion = 56;
	objects = {

/* Begin PBXBuildFile section */
		DA15FDCF2B703EDD007F65D2 /* Talker.swift in Sources */ = {isa = PBXBuildFile; fileRef = DA15FDCE2B703EDD007F65D2 /* Talker.swift */; };
		DA2609482BD6D6A2002C2D1D /* TurnCoordinator.swift in Sources */ = {isa = PBXBuildFile; fileRef = DA2609472BD6D6A2002C2D1D /* TurnCoordinator.swift */; };
		DA30C1FD2B7A85F400F61B31 /* Spatial+extra.swift in Sources */ = {isa = PBXBuildFile; fileRef = DA30C1FC2B7A85F400F61B31 /* Spatial+extra.swift */; };
		DAC124B62B7825C400B582EA /* gs_instruments.dls in Resources */ = {isa = PBXBuildFile; fileRef = DAC124B52B7825C400B582EA /* gs_instruments.dls */; };
		DAC124B82B794C0C00B582EA /* ModelController.swift in Sources */ = {isa = PBXBuildFile; fileRef = DAC124B72B794C0C00B582EA /* ModelController.swift */; };
		DACB47022B5AE33500497C03 /* EarPilotApp.swift in Sources */ = {isa = PBXBuildFile; fileRef = DACB47012B5AE33500497C03 /* EarPilotApp.swift */; };
		DACB47062B5AE33600497C03 /* Assets.xcassets in Resources */ = {isa = PBXBuildFile; fileRef = DACB47052B5AE33600497C03 /* Assets.xcassets */; };
		DACB47092B5AE33600497C03 /* Preview Assets.xcassets in Resources */ = {isa = PBXBuildFile; fileRef = DACB47082B5AE33600497C03 /* Preview Assets.xcassets */; };
		DACB47102B5AE7BC00497C03 /* PositionTracker.swift in Sources */ = {isa = PBXBuildFile; fileRef = DACB470F2B5AE7BC00497C03 /* PositionTracker.swift */; };
		DACB47122B5AE9D800497C03 /* FlightDisplay.swift in Sources */ = {isa = PBXBuildFile; fileRef = DACB47112B5AE9D800497C03 /* FlightDisplay.swift */; };
		DACB47142B5C38BB00497C03 /* ArtificialHorizon.swift in Sources */ = {isa = PBXBuildFile; fileRef = DACB47132B5C38BB00497C03 /* ArtificialHorizon.swift */; };
/* End PBXBuildFile section */

/* Begin PBXFileReference section */
		DA15FDCE2B703EDD007F65D2 /* Talker.swift */ = {isa = PBXFileReference; lastKnownFileType = sourcecode.swift; path = Talker.swift; sourceTree = "<group>"; };
		DA2609472BD6D6A2002C2D1D /* TurnCoordinator.swift */ = {isa = PBXFileReference; lastKnownFileType = sourcecode.swift; path = TurnCoordinator.swift; sourceTree = "<group>"; };
		DA30C1FC2B7A85F400F61B31 /* Spatial+extra.swift */ = {isa = PBXFileReference; lastKnownFileType = sourcecode.swift; path = "Spatial+extra.swift"; sourceTree = "<group>"; };
		DA30C1FE2B83E79D00F61B31 /* Info.plist */ = {isa = PBXFileReference; lastKnownFileType = text.plist; path = Info.plist; sourceTree = "<group>"; };
		DAC124B52B7825C400B582EA /* gs_instruments.dls */ = {isa = PBXFileReference; lastKnownFileType = file; path = gs_instruments.dls; sourceTree = "<group>"; };
		DAC124B72B794C0C00B582EA /* ModelController.swift */ = {isa = PBXFileReference; lastKnownFileType = sourcecode.swift; path = ModelController.swift; sourceTree = "<group>"; };
		DACB46FE2B5AE33500497C03 /* EarPilot.app */ = {isa = PBXFileReference; explicitFileType = wrapper.application; includeInIndex = 0; path = EarPilot.app; sourceTree = BUILT_PRODUCTS_DIR; };
		DACB47012B5AE33500497C03 /* EarPilotApp.swift */ = {isa = PBXFileReference; lastKnownFileType = sourcecode.swift; path = EarPilotApp.swift; sourceTree = "<group>"; };
		DACB47052B5AE33600497C03 /* Assets.xcassets */ = {isa = PBXFileReference; lastKnownFileType = folder.assetcatalog; path = Assets.xcassets; sourceTree = "<group>"; };
		DACB47082B5AE33600497C03 /* Preview Assets.xcassets */ = {isa = PBXFileReference; lastKnownFileType = folder.assetcatalog; path = "Preview Assets.xcassets"; sourceTree = "<group>"; };
		DACB470F2B5AE7BC00497C03 /* PositionTracker.swift */ = {isa = PBXFileReference; lastKnownFileType = sourcecode.swift; path = PositionTracker.swift; sourceTree = "<group>"; };
		DACB47112B5AE9D800497C03 /* FlightDisplay.swift */ = {isa = PBXFileReference; lastKnownFileType = sourcecode.swift; path = FlightDisplay.swift; sourceTree = "<group>"; };
		DACB47132B5C38BB00497C03 /* ArtificialHorizon.swift */ = {isa = PBXFileReference; lastKnownFileType = sourcecode.swift; path = ArtificialHorizon.swift; sourceTree = "<group>"; };
/* End PBXFileReference section */

/* Begin PBXFrameworksBuildPhase section */
		DACB46FB2B5AE33500497C03 /* Frameworks */ = {
			isa = PBXFrameworksBuildPhase;
			buildActionMask = 2147483647;
			files = (
			);
			runOnlyForDeploymentPostprocessing = 0;
		};
/* End PBXFrameworksBuildPhase section */

/* Begin PBXGroup section */
		DACB46F52B5AE33500497C03 = {
			isa = PBXGroup;
			children = (
				DACB47002B5AE33500497C03 /* EarPilot */,
				DACB46FF2B5AE33500497C03 /* Products */,
			);
			sourceTree = "<group>";
		};
		DACB46FF2B5AE33500497C03 /* Products */ = {
			isa = PBXGroup;
			children = (
				DACB46FE2B5AE33500497C03 /* EarPilot.app */,
			);
			name = Products;
			sourceTree = "<group>";
		};
		DACB47002B5AE33500497C03 /* EarPilot */ = {
			isa = PBXGroup;
			children = (
				DA30C1FE2B83E79D00F61B31 /* Info.plist */,
				DA2609472BD6D6A2002C2D1D /* TurnCoordinator.swift */,
				DACB47012B5AE33500497C03 /* EarPilotApp.swift */,
				DACB47112B5AE9D800497C03 /* FlightDisplay.swift */,
				DAC124B72B794C0C00B582EA /* ModelController.swift */,
				DACB470F2B5AE7BC00497C03 /* PositionTracker.swift */,
				DACB47132B5C38BB00497C03 /* ArtificialHorizon.swift */,
				DA15FDCE2B703EDD007F65D2 /* Talker.swift */,
				DA30C1FC2B7A85F400F61B31 /* Spatial+extra.swift */,
				DACB47052B5AE33600497C03 /* Assets.xcassets */,
				DAC124B52B7825C400B582EA /* gs_instruments.dls */,
				DACB47072B5AE33600497C03 /* Preview Content */,
			);
			path = EarPilot;
			sourceTree = "<group>";
		};
		DACB47072B5AE33600497C03 /* Preview Content */ = {
			isa = PBXGroup;
			children = (
				DACB47082B5AE33600497C03 /* Preview Assets.xcassets */,
			);
			path = "Preview Content";
			sourceTree = "<group>";
		};
/* End PBXGroup section */

/* Begin PBXNativeTarget section */
		DACB46FD2B5AE33500497C03 /* EarPilot */ = {
			isa = PBXNativeTarget;
			buildConfigurationList = DACB470C2B5AE33600497C03 /* Build configuration list for PBXNativeTarget "EarPilot" */;
			buildPhases = (
				DACB46FA2B5AE33500497C03 /* Sources */,
				DACB46FB2B5AE33500497C03 /* Frameworks */,
				DACB46FC2B5AE33500497C03 /* Resources */,
			);
			buildRules = (
			);
			dependencies = (
			);
			name = EarPilot;
			productName = EarPilot;
			productReference = DACB46FE2B5AE33500497C03 /* EarPilot.app */;
			productType = "com.apple.product-type.application";
		};
/* End PBXNativeTarget section */

/* Begin PBXProject section */
		DACB46F62B5AE33500497C03 /* Project object */ = {
			isa = PBXProject;
			attributes = {
				BuildIndependentTargetsInParallel = 1;
				LastSwiftUpdateCheck = 1520;
				LastUpgradeCheck = 1520;
				TargetAttributes = {
					DACB46FD2B5AE33500497C03 = {
						CreatedOnToolsVersion = 15.2;
					};
				};
			};
			buildConfigurationList = DACB46F92B5AE33500497C03 /* Build configuration list for PBXProject "EarPilot" */;
			compatibilityVersion = "Xcode 14.0";
			developmentRegion = en;
			hasScannedForEncodings = 0;
			knownRegions = (
				en,
				Base,
			);
			mainGroup = DACB46F52B5AE33500497C03;
			productRefGroup = DACB46FF2B5AE33500497C03 /* Products */;
			projectDirPath = "";
			projectRoot = "";
			targets = (
				DACB46FD2B5AE33500497C03 /* EarPilot */,
			);
		};
/* End PBXProject section */

/* Begin PBXResourcesBuildPhase section */
		DACB46FC2B5AE33500497C03 /* Resources */ = {
			isa = PBXResourcesBuildPhase;
			buildActionMask = 2147483647;
			files = (
				DACB47092B5AE33600497C03 /* Preview Assets.xcassets in Resources */,
				DAC124B62B7825C400B582EA /* gs_instruments.dls in Resources */,
				DACB47062B5AE33600497C03 /* Assets.xcassets in Resources */,
			);
			runOnlyForDeploymentPostprocessing = 0;
		};
/* End PBXResourcesBuildPhase section */

/* Begin PBXSourcesBuildPhase section */
		DACB46FA2B5AE33500497C03 /* Sources */ = {
			isa = PBXSourcesBuildPhase;
			buildActionMask = 2147483647;
			files = (
				DA30C1FD2B7A85F400F61B31 /* Spatial+extra.swift in Sources */,
				DACB47102B5AE7BC00497C03 /* PositionTracker.swift in Sources */,
				DACB47142B5C38BB00497C03 /* ArtificialHorizon.swift in Sources */,
				DA15FDCF2B703EDD007F65D2 /* Talker.swift in Sources */,
				DACB47122B5AE9D800497C03 /* FlightDisplay.swift in Sources */,
				DA2609482BD6D6A2002C2D1D /* TurnCoordinator.swift in Sources */,
				DAC124B82B794C0C00B582EA /* ModelController.swift in Sources */,
				DACB47022B5AE33500497C03 /* EarPilotApp.swift in Sources */,
			);
			runOnlyForDeploymentPostprocessing = 0;
		};
/* End PBXSourcesBuildPhase section */

/* Begin XCBuildConfiguration section */
		DACB470A2B5AE33600497C03 /* Debug */ = {
			isa = XCBuildConfiguration;
			buildSettings = {
				ALWAYS_SEARCH_USER_PATHS = NO;
				ASSETCATALOG_COMPILER_GENERATE_SWIFT_ASSET_SYMBOL_EXTENSIONS = YES;
				CLANG_ANALYZER_NONNULL = YES;
				CLANG_ANALYZER_NUMBER_OBJECT_CONVERSION = YES_AGGRESSIVE;
				CLANG_CXX_LANGUAGE_STANDARD = "gnu++20";
				CLANG_ENABLE_MODULES = YES;
				CLANG_ENABLE_OBJC_ARC = YES;
				CLANG_ENABLE_OBJC_WEAK = YES;
				CLANG_WARN_BLOCK_CAPTURE_AUTORELEASING = YES;
				CLANG_WARN_BOOL_CONVERSION = YES;
				CLANG_WARN_COMMA = YES;
				CLANG_WARN_CONSTANT_CONVERSION = YES;
				CLANG_WARN_DEPRECATED_OBJC_IMPLEMENTATIONS = YES;
				CLANG_WARN_DIRECT_OBJC_ISA_USAGE = YES_ERROR;
				CLANG_WARN_DOCUMENTATION_COMMENTS = YES;
				CLANG_WARN_EMPTY_BODY = YES;
				CLANG_WARN_ENUM_CONVERSION = YES;
				CLANG_WARN_INFINITE_RECURSION = YES;
				CLANG_WARN_INT_CONVERSION = YES;
				CLANG_WARN_NON_LITERAL_NULL_CONVERSION = YES;
				CLANG_WARN_OBJC_IMPLICIT_RETAIN_SELF = YES;
				CLANG_WARN_OBJC_LITERAL_CONVERSION = YES;
				CLANG_WARN_OBJC_ROOT_CLASS = YES_ERROR;
				CLANG_WARN_QUOTED_INCLUDE_IN_FRAMEWORK_HEADER = YES;
				CLANG_WARN_RANGE_LOOP_ANALYSIS = YES;
				CLANG_WARN_STRICT_PROTOTYPES = YES;
				CLANG_WARN_SUSPICIOUS_MOVE = YES;
				CLANG_WARN_UNGUARDED_AVAILABILITY = YES_AGGRESSIVE;
				CLANG_WARN_UNREACHABLE_CODE = YES;
				CLANG_WARN__DUPLICATE_METHOD_MATCH = YES;
				COPY_PHASE_STRIP = NO;
				DEBUG_INFORMATION_FORMAT = dwarf;
				ENABLE_STRICT_OBJC_MSGSEND = YES;
				ENABLE_TESTABILITY = YES;
				ENABLE_USER_SCRIPT_SANDBOXING = YES;
				GCC_C_LANGUAGE_STANDARD = gnu17;
				GCC_DYNAMIC_NO_PIC = NO;
				GCC_NO_COMMON_BLOCKS = YES;
				GCC_OPTIMIZATION_LEVEL = 0;
				GCC_PREPROCESSOR_DEFINITIONS = (
					"DEBUG=1",
					"$(inherited)",
				);
				GCC_WARN_64_TO_32_BIT_CONVERSION = YES;
				GCC_WARN_ABOUT_RETURN_TYPE = YES_ERROR;
				GCC_WARN_UNDECLARED_SELECTOR = YES;
				GCC_WARN_UNINITIALIZED_AUTOS = YES_AGGRESSIVE;
				GCC_WARN_UNUSED_FUNCTION = YES;
				GCC_WARN_UNUSED_VARIABLE = YES;
				IPHONEOS_DEPLOYMENT_TARGET = 17.2;
				LOCALIZATION_PREFERS_STRING_CATALOGS = YES;
				MTL_ENABLE_DEBUG_INFO = INCLUDE_SOURCE;
				MTL_FAST_MATH = YES;
				ONLY_ACTIVE_ARCH = YES;
				SDKROOT = iphoneos;
				SWIFT_ACTIVE_COMPILATION_CONDITIONS = "DEBUG $(inherited)";
				SWIFT_OPTIMIZATION_LEVEL = "-Onone";
			};
			name = Debug;
		};
		DACB470B2B5AE33600497C03 /* Release */ = {
			isa = XCBuildConfiguration;
			buildSettings = {
				ALWAYS_SEARCH_USER_PATHS = NO;
				ASSETCATALOG_COMPILER_GENERATE_SWIFT_ASSET_SYMBOL_EXTENSIONS = YES;
				CLANG_ANALYZER_NONNULL = YES;
				CLANG_ANALYZER_NUMBER_OBJECT_CONVERSION = YES_AGGRESSIVE;
				CLANG_CXX_LANGUAGE_STANDARD = "gnu++20";
				CLANG_ENABLE_MODULES = YES;
				CLANG_ENABLE_OBJC_ARC = YES;
				CLANG_ENABLE_OBJC_WEAK = YES;
				CLANG_WARN_BLOCK_CAPTURE_AUTORELEASING = YES;
				CLANG_WARN_BOOL_CONVERSION = YES;
				CLANG_WARN_COMMA = YES;
				CLANG_WARN_CONSTANT_CONVERSION = YES;
				CLANG_WARN_DEPRECATED_OBJC_IMPLEMENTATIONS = YES;
				CLANG_WARN_DIRECT_OBJC_ISA_USAGE = YES_ERROR;
				CLANG_WARN_DOCUMENTATION_COMMENTS = YES;
				CLANG_WARN_EMPTY_BODY = YES;
				CLANG_WARN_ENUM_CONVERSION = YES;
				CLANG_WARN_INFINITE_RECURSION = YES;
				CLANG_WARN_INT_CONVERSION = YES;
				CLANG_WARN_NON_LITERAL_NULL_CONVERSION = YES;
				CLANG_WARN_OBJC_IMPLICIT_RETAIN_SELF = YES;
				CLANG_WARN_OBJC_LITERAL_CONVERSION = YES;
				CLANG_WARN_OBJC_ROOT_CLASS = YES_ERROR;
				CLANG_WARN_QUOTED_INCLUDE_IN_FRAMEWORK_HEADER = YES;
				CLANG_WARN_RANGE_LOOP_ANALYSIS = YES;
				CLANG_WARN_STRICT_PROTOTYPES = YES;
				CLANG_WARN_SUSPICIOUS_MOVE = YES;
				CLANG_WARN_UNGUARDED_AVAILABILITY = YES_AGGRESSIVE;
				CLANG_WARN_UNREACHABLE_CODE = YES;
				CLANG_WARN__DUPLICATE_METHOD_MATCH = YES;
				COPY_PHASE_STRIP = NO;
				DEBUG_INFORMATION_FORMAT = "dwarf-with-dsym";
				ENABLE_NS_ASSERTIONS = NO;
				ENABLE_STRICT_OBJC_MSGSEND = YES;
				ENABLE_USER_SCRIPT_SANDBOXING = YES;
				GCC_C_LANGUAGE_STANDARD = gnu17;
				GCC_NO_COMMON_BLOCKS = YES;
				GCC_WARN_64_TO_32_BIT_CONVERSION = YES;
				GCC_WARN_ABOUT_RETURN_TYPE = YES_ERROR;
				GCC_WARN_UNDECLARED_SELECTOR = YES;
				GCC_WARN_UNINITIALIZED_AUTOS = YES_AGGRESSIVE;
				GCC_WARN_UNUSED_FUNCTION = YES;
				GCC_WARN_UNUSED_VARIABLE = YES;
				IPHONEOS_DEPLOYMENT_TARGET = 17.2;
				LOCALIZATION_PREFERS_STRING_CATALOGS = YES;
				MTL_ENABLE_DEBUG_INFO = NO;
				MTL_FAST_MATH = YES;
				SDKROOT = iphoneos;
				SWIFT_COMPILATION_MODE = wholemodule;
				VALIDATE_PRODUCT = YES;
			};
			name = Release;
		};
		DACB470D2B5AE33600497C03 /* Debug */ = {
			isa = XCBuildConfiguration;
			buildSettings = {
				ASSETCATALOG_COMPILER_APPICON_NAME = AppIcon;
				ASSETCATALOG_COMPILER_GLOBAL_ACCENT_COLOR_NAME = AccentColor;
				CODE_SIGN_STYLE = Automatic;
				CURRENT_PROJECT_VERSION = 1;
				DEVELOPMENT_ASSET_PATHS = "\"EarPilot/Preview Content\"";
				DEVELOPMENT_TEAM = 2Q5X3USQ5H;
				ENABLE_PREVIEWS = YES;
				GENERATE_INFOPLIST_FILE = YES;
				INFOPLIST_FILE = EarPilot/Info.plist;
				INFOPLIST_KEY_LSApplicationCategoryType = "public.app-category.education";
				INFOPLIST_KEY_NSMotionUsageDescription = "Altimeter is used to derive Rate of Climb and control vario beeps";
				INFOPLIST_KEY_UIApplicationSceneManifest_Generation = YES;
				INFOPLIST_KEY_UIApplicationSupportsIndirectInputEvents = YES;
				INFOPLIST_KEY_UILaunchScreen_Generation = YES;
				INFOPLIST_KEY_UIRequiresFullScreen = YES;
				INFOPLIST_KEY_UISupportedInterfaceOrientations = UIInterfaceOrientationPortrait;
				LD_RUNPATH_SEARCH_PATHS = (
					"$(inherited)",
					"@executable_path/Frameworks",
				);
				MARKETING_VERSION = 1.0;
				PRODUCT_BUNDLE_IDENTIFIER = com.eclecticode.EarPilot;
				PRODUCT_NAME = "$(TARGET_NAME)";
				SWIFT_EMIT_LOC_STRINGS = YES;
				SWIFT_VERSION = 5.0;
				TARGETED_DEVICE_FAMILY = "1,2";
			};
			name = Debug;
		};
		DACB470E2B5AE33600497C03 /* Release */ = {
			isa = XCBuildConfiguration;
			buildSettings = {
				ASSETCATALOG_COMPILER_APPICON_NAME = AppIcon;
				ASSETCATALOG_COMPILER_GLOBAL_ACCENT_COLOR_NAME = AccentColor;
				CODE_SIGN_STYLE = Automatic;
				CURRENT_PROJECT_VERSION = 1;
				DEVELOPMENT_ASSET_PATHS = "\"EarPilot/Preview Content\"";
				DEVELOPMENT_TEAM = 2Q5X3USQ5H;
				ENABLE_PREVIEWS = YES;
				GENERATE_INFOPLIST_FILE = YES;
				INFOPLIST_FILE = EarPilot/Info.plist;
				INFOPLIST_KEY_LSApplicationCategoryType = "public.app-category.education";
				INFOPLIST_KEY_NSMotionUsageDescription = "Altimeter is used to derive Rate of Climb and control vario beeps";
				INFOPLIST_KEY_UIApplicationSceneManifest_Generation = YES;
				INFOPLIST_KEY_UIApplicationSupportsIndirectInputEvents = YES;
				INFOPLIST_KEY_UILaunchScreen_Generation = YES;
				INFOPLIST_KEY_UIRequiresFullScreen = YES;
				INFOPLIST_KEY_UISupportedInterfaceOrientations = UIInterfaceOrientationPortrait;
				LD_RUNPATH_SEARCH_PATHS = (
					"$(inherited)",
					"@executable_path/Frameworks",
				);
				MARKETING_VERSION = 1.0;
				PRODUCT_BUNDLE_IDENTIFIER = com.eclecticode.EarPilot;
				PRODUCT_NAME = "$(TARGET_NAME)";
				SWIFT_EMIT_LOC_STRINGS = YES;
				SWIFT_VERSION = 5.0;
				TARGETED_DEVICE_FAMILY = "1,2";
			};
			name = Release;
		};
/* End XCBuildConfiguration section */

/* Begin XCConfigurationList section */
		DACB46F92B5AE33500497C03 /* Build configuration list for PBXProject "EarPilot" */ = {
			isa = XCConfigurationList;
			buildConfigurations = (
				DACB470A2B5AE33600497C03 /* Debug */,
				DACB470B2B5AE33600497C03 /* Release */,
			);
			defaultConfigurationIsVisible = 0;
			defaultConfigurationName = Release;
		};
		DACB470C2B5AE33600497C03 /* Build configuration list for PBXNativeTarget "EarPilot" */ = {
			isa = XCConfigurationList;
			buildConfigurations = (
				DACB470D2B5AE33600497C03 /* Debug */,
				DACB470E2B5AE33600497C03 /* Release */,
			);
			defaultConfigurationIsVisible = 0;
			defaultConfigurationName = Release;
		};
/* End XCConfigurationList section */
	};
	rootObject = DACB46F62B5AE33500497C03 /* Project object */;
}
